
Microsoft Visual Studio Solution File, Format Version 12.00
# Visual Studio Version 17
VisualStudioVersion = 17.4.33122.133
MinimumVisualStudioVersion = 10.0.40219.1
Project("{FAE04EC0-301F-11D3-BF4B-00C04F79EFBC}") = "Mod4Week4Assessment", "Mod4Week4Assessment\Mod4Week4Assessment.csproj", "{54F62D3A-8946-4ABF-8955-5C69FC7CFBC5}"
EndProject
Global
	GlobalSection(SolutionConfigurationPlatforms) = preSolution
		Debug|Any CPU = Debug|Any CPU
		Release|Any CPU = Release|Any CPU
	EndGlobalSection
	GlobalSection(ProjectConfigurationPlatforms) = postSolution
		{54F62D3A-8946-4ABF-8955-5C69FC7CFBC5}.Debug|Any CPU.ActiveCfg = Debug|Any CPU
		{54F62D3A-8946-4ABF-8955-5C69FC7CFBC5}.Debug|Any CPU.Build.0 = Debug|Any CPU
		{54F62D3A-8946-4ABF-8955-5C69FC7CFBC5}.Release|Any CPU.ActiveCfg = Release|Any CPU
		{54F62D3A-8946-4ABF-8955-5C69FC7CFBC5}.Release|Any CPU.Build.0 = Release|Any CPU
	EndGlobalSection
	GlobalSection(SolutionProperties) = preSolution
		HideSolutionNode = FALSE
	EndGlobalSection
	GlobalSection(ExtensibilityGlobals) = postSolution
		SolutionGuid = {9A984584-CE98-4877-8624-1BF8ECE8556B}
	EndGlobalSection
EndGlobal
